// !$*UTF8*$!
{
	archiveVersion = 1;
	classes = {
	};
	objectVersion = 50;
	objects = {

/* Begin PBXBuildFile section */
		324ED2DC20956DD90018098B /* CommandMap.swift in Sources */ = {isa = PBXBuildFile; fileRef = 324ED2DB20956DD90018098B /* CommandMap.swift */; };
		3271EC89208ADBE8005CBC7E /* CustomNavigationBar.swift in Sources */ = {isa = PBXBuildFile; fileRef = 3271EC88208ADBE8005CBC7E /* CustomNavigationBar.swift */; };
		32731E6C2084D4C600FA1230 /* AppDelegate.swift in Sources */ = {isa = PBXBuildFile; fileRef = 32731E6B2084D4C600FA1230 /* AppDelegate.swift */; };
		32731E6E2084D4C600FA1230 /* ViewController.swift in Sources */ = {isa = PBXBuildFile; fileRef = 32731E6D2084D4C600FA1230 /* ViewController.swift */; };
		32731E712084D4C600FA1230 /* Main.storyboard in Resources */ = {isa = PBXBuildFile; fileRef = 32731E6F2084D4C600FA1230 /* Main.storyboard */; };
		32731E732084D4C700FA1230 /* Assets.xcassets in Resources */ = {isa = PBXBuildFile; fileRef = 32731E722084D4C700FA1230 /* Assets.xcassets */; };
		32731E762084D4C700FA1230 /* LaunchScreen.storyboard in Resources */ = {isa = PBXBuildFile; fileRef = 32731E742084D4C700FA1230 /* LaunchScreen.storyboard */; };
		32731E812084D4C700FA1230 /* AlgorithmTests.swift in Sources */ = {isa = PBXBuildFile; fileRef = 32731E802084D4C700FA1230 /* AlgorithmTests.swift */; };
		32731E8C2084D4C700FA1230 /* AlgorithmUITests.swift in Sources */ = {isa = PBXBuildFile; fileRef = 32731E8B2084D4C700FA1230 /* AlgorithmUITests.swift */; };
		32731E9C2084DD1000FA1230 /* CollectionViewCell.swift in Sources */ = {isa = PBXBuildFile; fileRef = 32731E9B2084DD1000FA1230 /* CollectionViewCell.swift */; };
		32731EA22084DE1100FA1230 /* MapCreate.swift in Sources */ = {isa = PBXBuildFile; fileRef = 32731EA12084DE1100FA1230 /* MapCreate.swift */; };
		5B799F872FBB1B3870CD0836 /* Pods_AlgorithmUITests.framework in Frameworks */ = {isa = PBXBuildFile; fileRef = E6293AE8B4EDFBF34E3E78FB /* Pods_AlgorithmUITests.framework */; };
		A6F746A20B947A69434986E2 /* Pods_AlgorithmTests.framework in Frameworks */ = {isa = PBXBuildFile; fileRef = AFFE07C1725E74148AB2CBA7 /* Pods_AlgorithmTests.framework */; };
		F6EB53BEFB4578885EF7CB1A /* Pods_Algorithm.framework in Frameworks */ = {isa = PBXBuildFile; fileRef = 88FCCC521CF7DF2A1DFCCDCC /* Pods_Algorithm.framework */; };
/* End PBXBuildFile section */

/* Begin PBXContainerItemProxy section */
		32731E7D2084D4C700FA1230 /* PBXContainerItemProxy */ = {
			isa = PBXContainerItemProxy;
			containerPortal = 32731E602084D4C600FA1230 /* Project object */;
			proxyType = 1;
			remoteGlobalIDString = 32731E672084D4C600FA1230;
			remoteInfo = Algorithm;
		};
		32731E882084D4C700FA1230 /* PBXContainerItemProxy */ = {
			isa = PBXContainerItemProxy;
			containerPortal = 32731E602084D4C600FA1230 /* Project object */;
			proxyType = 1;
			remoteGlobalIDString = 32731E672084D4C600FA1230;
			remoteInfo = Algorithm;
		};
/* End PBXContainerItemProxy section */

/* Begin PBXFileReference section */
		1967B4AFE56DEBCAA068D977 /* Pods-AlgorithmUITests.debug.xcconfig */ = {isa = PBXFileReference; includeInIndex = 1; lastKnownFileType = text.xcconfig; name = "Pods-AlgorithmUITests.debug.xcconfig"; path = "Pods/Target Support Files/Pods-AlgorithmUITests/Pods-AlgorithmUITests.debug.xcconfig"; sourceTree = "<group>"; };
		2F739AE781EFBD442B698F04 /* Pods-AlgorithmTests.release.xcconfig */ = {isa = PBXFileReference; includeInIndex = 1; lastKnownFileType = text.xcconfig; name = "Pods-AlgorithmTests.release.xcconfig"; path = "Pods/Target Support Files/Pods-AlgorithmTests/Pods-AlgorithmTests.release.xcconfig"; sourceTree = "<group>"; };
		324ED2DB20956DD90018098B /* CommandMap.swift */ = {isa = PBXFileReference; lastKnownFileType = sourcecode.swift; path = CommandMap.swift; sourceTree = "<group>"; };
		3271EC88208ADBE8005CBC7E /* CustomNavigationBar.swift */ = {isa = PBXFileReference; lastKnownFileType = sourcecode.swift; path = CustomNavigationBar.swift; sourceTree = "<group>"; };
		32731E682084D4C600FA1230 /* Algorithm.app */ = {isa = PBXFileReference; explicitFileType = wrapper.application; includeInIndex = 0; path = Algorithm.app; sourceTree = BUILT_PRODUCTS_DIR; };
		32731E6B2084D4C600FA1230 /* AppDelegate.swift */ = {isa = PBXFileReference; lastKnownFileType = sourcecode.swift; path = AppDelegate.swift; sourceTree = "<group>"; };
		32731E6D2084D4C600FA1230 /* ViewController.swift */ = {isa = PBXFileReference; lastKnownFileType = sourcecode.swift; path = ViewController.swift; sourceTree = "<group>"; };
		32731E702084D4C600FA1230 /* Base */ = {isa = PBXFileReference; lastKnownFileType = file.storyboard; name = Base; path = Base.lproj/Main.storyboard; sourceTree = "<group>"; };
		32731E722084D4C700FA1230 /* Assets.xcassets */ = {isa = PBXFileReference; lastKnownFileType = folder.assetcatalog; path = Assets.xcassets; sourceTree = "<group>"; };
		32731E752084D4C700FA1230 /* Base */ = {isa = PBXFileReference; lastKnownFileType = file.storyboard; name = Base; path = Base.lproj/LaunchScreen.storyboard; sourceTree = "<group>"; };
		32731E772084D4C700FA1230 /* Info.plist */ = {isa = PBXFileReference; lastKnownFileType = text.plist.xml; path = Info.plist; sourceTree = "<group>"; };
		32731E7C2084D4C700FA1230 /* AlgorithmTests.xctest */ = {isa = PBXFileReference; explicitFileType = wrapper.cfbundle; includeInIndex = 0; path = AlgorithmTests.xctest; sourceTree = BUILT_PRODUCTS_DIR; };
		32731E802084D4C700FA1230 /* AlgorithmTests.swift */ = {isa = PBXFileReference; lastKnownFileType = sourcecode.swift; path = AlgorithmTests.swift; sourceTree = "<group>"; };
		32731E822084D4C700FA1230 /* Info.plist */ = {isa = PBXFileReference; lastKnownFileType = text.plist.xml; path = Info.plist; sourceTree = "<group>"; };
		32731E872084D4C700FA1230 /* AlgorithmUITests.xctest */ = {isa = PBXFileReference; explicitFileType = wrapper.cfbundle; includeInIndex = 0; path = AlgorithmUITests.xctest; sourceTree = BUILT_PRODUCTS_DIR; };
		32731E8B2084D4C700FA1230 /* AlgorithmUITests.swift */ = {isa = PBXFileReference; lastKnownFileType = sourcecode.swift; path = AlgorithmUITests.swift; sourceTree = "<group>"; };
		32731E8D2084D4C700FA1230 /* Info.plist */ = {isa = PBXFileReference; lastKnownFileType = text.plist.xml; path = Info.plist; sourceTree = "<group>"; };
		32731E9B2084DD1000FA1230 /* CollectionViewCell.swift */ = {isa = PBXFileReference; lastKnownFileType = sourcecode.swift; path = CollectionViewCell.swift; sourceTree = "<group>"; };
		32731EA12084DE1100FA1230 /* MapCreate.swift */ = {isa = PBXFileReference; lastKnownFileType = sourcecode.swift; path = MapCreate.swift; sourceTree = "<group>"; };
		49CE779BF1210382A3DF9520 /* Pods-Algorithm.release.xcconfig */ = {isa = PBXFileReference; includeInIndex = 1; lastKnownFileType = text.xcconfig; name = "Pods-Algorithm.release.xcconfig"; path = "Pods/Target Support Files/Pods-Algorithm/Pods-Algorithm.release.xcconfig"; sourceTree = "<group>"; };
		56988BB93F2189E8A77D9A1A /* Pods-AlgorithmTests.debug.xcconfig */ = {isa = PBXFileReference; includeInIndex = 1; lastKnownFileType = text.xcconfig; name = "Pods-AlgorithmTests.debug.xcconfig"; path = "Pods/Target Support Files/Pods-AlgorithmTests/Pods-AlgorithmTests.debug.xcconfig"; sourceTree = "<group>"; };
		5ED2F09876B29178C4473AC3 /* Pods-AlgorithmUITests.release.xcconfig */ = {isa = PBXFileReference; includeInIndex = 1; lastKnownFileType = text.xcconfig; name = "Pods-AlgorithmUITests.release.xcconfig"; path = "Pods/Target Support Files/Pods-AlgorithmUITests/Pods-AlgorithmUITests.release.xcconfig"; sourceTree = "<group>"; };
		88FCCC521CF7DF2A1DFCCDCC /* Pods_Algorithm.framework */ = {isa = PBXFileReference; explicitFileType = wrapper.framework; includeInIndex = 0; path = Pods_Algorithm.framework; sourceTree = BUILT_PRODUCTS_DIR; };
		8CDBBF986422CF006632E060 /* Pods-Algorithm.debug.xcconfig */ = {isa = PBXFileReference; includeInIndex = 1; lastKnownFileType = text.xcconfig; name = "Pods-Algorithm.debug.xcconfig"; path = "Pods/Target Support Files/Pods-Algorithm/Pods-Algorithm.debug.xcconfig"; sourceTree = "<group>"; };
		AFFE07C1725E74148AB2CBA7 /* Pods_AlgorithmTests.framework */ = {isa = PBXFileReference; explicitFileType = wrapper.framework; includeInIndex = 0; path = Pods_AlgorithmTests.framework; sourceTree = BUILT_PRODUCTS_DIR; };
		E6293AE8B4EDFBF34E3E78FB /* Pods_AlgorithmUITests.framework */ = {isa = PBXFileReference; explicitFileType = wrapper.framework; includeInIndex = 0; path = Pods_AlgorithmUITests.framework; sourceTree = BUILT_PRODUCTS_DIR; };
/* End PBXFileReference section */

/* Begin PBXFrameworksBuildPhase section */
		32731E652084D4C600FA1230 /* Frameworks */ = {
			isa = PBXFrameworksBuildPhase;
			buildActionMask = 2147483647;
			files = (
				F6EB53BEFB4578885EF7CB1A /* Pods_Algorithm.framework in Frameworks */,
			);
			runOnlyForDeploymentPostprocessing = 0;
		};
		32731E792084D4C700FA1230 /* Frameworks */ = {
			isa = PBXFrameworksBuildPhase;
			buildActionMask = 2147483647;
			files = (
				A6F746A20B947A69434986E2 /* Pods_AlgorithmTests.framework in Frameworks */,
			);
			runOnlyForDeploymentPostprocessing = 0;
		};
		32731E842084D4C700FA1230 /* Frameworks */ = {
			isa = PBXFrameworksBuildPhase;
			buildActionMask = 2147483647;
			files = (
				5B799F872FBB1B3870CD0836 /* Pods_AlgorithmUITests.framework in Frameworks */,
			);
			runOnlyForDeploymentPostprocessing = 0;
		};
/* End PBXFrameworksBuildPhase section */

/* Begin PBXGroup section */
		32731E5F2084D4C600FA1230 = {
			isa = PBXGroup;
			children = (
				32731E6A2084D4C600FA1230 /* Algorithm */,
				32731E7F2084D4C700FA1230 /* AlgorithmTests */,
				32731E8A2084D4C700FA1230 /* AlgorithmUITests */,
				32731E692084D4C600FA1230 /* Products */,
				6F9C3F55E17345FA6163BFE9 /* Pods */,
				C1B291DAB25EF1DA650A4997 /* Frameworks */,
			);
			sourceTree = "<group>";
		};
		32731E692084D4C600FA1230 /* Products */ = {
			isa = PBXGroup;
			children = (
				32731E682084D4C600FA1230 /* Algorithm.app */,
				32731E7C2084D4C700FA1230 /* AlgorithmTests.xctest */,
				32731E872084D4C700FA1230 /* AlgorithmUITests.xctest */,
			);
			name = Products;
			sourceTree = "<group>";
		};
		32731E6A2084D4C600FA1230 /* Algorithm */ = {
			isa = PBXGroup;
			children = (
				3271EC88208ADBE8005CBC7E /* CustomNavigationBar.swift */,
				32731E6B2084D4C600FA1230 /* AppDelegate.swift */,
				32731E6D2084D4C600FA1230 /* ViewController.swift */,
				32731E6F2084D4C600FA1230 /* Main.storyboard */,
				324ED2DB20956DD90018098B /* CommandMap.swift */,
				32731E9B2084DD1000FA1230 /* CollectionViewCell.swift */,
				32731EA12084DE1100FA1230 /* MapCreate.swift */,
				32731E722084D4C700FA1230 /* Assets.xcassets */,
				32731E742084D4C700FA1230 /* LaunchScreen.storyboard */,
				32731E772084D4C700FA1230 /* Info.plist */,
			);
			path = Algorithm;
			sourceTree = "<group>";
		};
		32731E7F2084D4C700FA1230 /* AlgorithmTests */ = {
			isa = PBXGroup;
			children = (
				32731E802084D4C700FA1230 /* AlgorithmTests.swift */,
				32731E822084D4C700FA1230 /* Info.plist */,
			);
			path = AlgorithmTests;
			sourceTree = "<group>";
		};
		32731E8A2084D4C700FA1230 /* AlgorithmUITests */ = {
			isa = PBXGroup;
			children = (
				32731E8B2084D4C700FA1230 /* AlgorithmUITests.swift */,
				32731E8D2084D4C700FA1230 /* Info.plist */,
			);
			path = AlgorithmUITests;
			sourceTree = "<group>";
		};
		6F9C3F55E17345FA6163BFE9 /* Pods */ = {
			isa = PBXGroup;
			children = (
				8CDBBF986422CF006632E060 /* Pods-Algorithm.debug.xcconfig */,
				49CE779BF1210382A3DF9520 /* Pods-Algorithm.release.xcconfig */,
				56988BB93F2189E8A77D9A1A /* Pods-AlgorithmTests.debug.xcconfig */,
				2F739AE781EFBD442B698F04 /* Pods-AlgorithmTests.release.xcconfig */,
				1967B4AFE56DEBCAA068D977 /* Pods-AlgorithmUITests.debug.xcconfig */,
				5ED2F09876B29178C4473AC3 /* Pods-AlgorithmUITests.release.xcconfig */,
			);
			name = Pods;
			sourceTree = "<group>";
		};
		C1B291DAB25EF1DA650A4997 /* Frameworks */ = {
			isa = PBXGroup;
			children = (
				88FCCC521CF7DF2A1DFCCDCC /* Pods_Algorithm.framework */,
				AFFE07C1725E74148AB2CBA7 /* Pods_AlgorithmTests.framework */,
				E6293AE8B4EDFBF34E3E78FB /* Pods_AlgorithmUITests.framework */,
			);
			name = Frameworks;
			sourceTree = "<group>";
		};
/* End PBXGroup section */

/* Begin PBXNativeTarget section */
		32731E672084D4C600FA1230 /* Algorithm */ = {
			isa = PBXNativeTarget;
			buildConfigurationList = 32731E902084D4C700FA1230 /* Build configuration list for PBXNativeTarget "Algorithm" */;
			buildPhases = (
				5D783189182890D81113DAEF /* [CP] Check Pods Manifest.lock */,
				32731E642084D4C600FA1230 /* Sources */,
				32731E652084D4C600FA1230 /* Frameworks */,
				32731E662084D4C600FA1230 /* Resources */,
				BFA1192BAA959664EDAC8FA0 /* [CP] Embed Pods Frameworks */,
			);
			buildRules = (
			);
			dependencies = (
			);
			name = Algorithm;
			productName = Algorithm;
			productReference = 32731E682084D4C600FA1230 /* Algorithm.app */;
			productType = "com.apple.product-type.application";
		};
		32731E7B2084D4C700FA1230 /* AlgorithmTests */ = {
			isa = PBXNativeTarget;
			buildConfigurationList = 32731E932084D4C700FA1230 /* Build configuration list for PBXNativeTarget "AlgorithmTests" */;
			buildPhases = (
				B0F541538323C91584E3EC52 /* [CP] Check Pods Manifest.lock */,
				32731E782084D4C700FA1230 /* Sources */,
				32731E792084D4C700FA1230 /* Frameworks */,
				32731E7A2084D4C700FA1230 /* Resources */,
			);
			buildRules = (
			);
			dependencies = (
				32731E7E2084D4C700FA1230 /* PBXTargetDependency */,
			);
			name = AlgorithmTests;
			productName = AlgorithmTests;
			productReference = 32731E7C2084D4C700FA1230 /* AlgorithmTests.xctest */;
			productType = "com.apple.product-type.bundle.unit-test";
		};
		32731E862084D4C700FA1230 /* AlgorithmUITests */ = {
			isa = PBXNativeTarget;
			buildConfigurationList = 32731E962084D4C700FA1230 /* Build configuration list for PBXNativeTarget "AlgorithmUITests" */;
			buildPhases = (
				6E139158AB7CB9B2A201BBFB /* [CP] Check Pods Manifest.lock */,
				32731E832084D4C700FA1230 /* Sources */,
				32731E842084D4C700FA1230 /* Frameworks */,
				32731E852084D4C700FA1230 /* Resources */,
			);
			buildRules = (
			);
			dependencies = (
				32731E892084D4C700FA1230 /* PBXTargetDependency */,
			);
			name = AlgorithmUITests;
			productName = AlgorithmUITests;
			productReference = 32731E872084D4C700FA1230 /* AlgorithmUITests.xctest */;
			productType = "com.apple.product-type.bundle.ui-testing";
		};
/* End PBXNativeTarget section */

/* Begin PBXProject section */
		32731E602084D4C600FA1230 /* Project object */ = {
			isa = PBXProject;
			attributes = {
				LastSwiftUpdateCheck = 0930;
				LastUpgradeCheck = 0930;
				ORGANIZATIONNAME = "野見山陸";
				TargetAttributes = {
					32731E672084D4C600FA1230 = {
						CreatedOnToolsVersion = 9.3;
					};
					32731E7B2084D4C700FA1230 = {
						CreatedOnToolsVersion = 9.3;
						TestTargetID = 32731E672084D4C600FA1230;
					};
					32731E862084D4C700FA1230 = {
						CreatedOnToolsVersion = 9.3;
						TestTargetID = 32731E672084D4C600FA1230;
					};
				};
			};
			buildConfigurationList = 32731E632084D4C600FA1230 /* Build configuration list for PBXProject "Algorithm" */;
			compatibilityVersion = "Xcode 9.3";
			developmentRegion = en;
			hasScannedForEncodings = 0;
			knownRegions = (
				en,
				Base,
			);
			mainGroup = 32731E5F2084D4C600FA1230;
			productRefGroup = 32731E692084D4C600FA1230 /* Products */;
			projectDirPath = "";
			projectRoot = "";
			targets = (
				32731E672084D4C600FA1230 /* Algorithm */,
				32731E7B2084D4C700FA1230 /* AlgorithmTests */,
				32731E862084D4C700FA1230 /* AlgorithmUITests */,
			);
		};
/* End PBXProject section */

/* Begin PBXResourcesBuildPhase section */
		32731E662084D4C600FA1230 /* Resources */ = {
			isa = PBXResourcesBuildPhase;
			buildActionMask = 2147483647;
			files = (
				32731E762084D4C700FA1230 /* LaunchScreen.storyboard in Resources */,
				32731E732084D4C700FA1230 /* Assets.xcassets in Resources */,
				32731E712084D4C600FA1230 /* Main.storyboard in Resources */,
			);
			runOnlyForDeploymentPostprocessing = 0;
		};
		32731E7A2084D4C700FA1230 /* Resources */ = {
			isa = PBXResourcesBuildPhase;
			buildActionMask = 2147483647;
			files = (
			);
			runOnlyForDeploymentPostprocessing = 0;
		};
		32731E852084D4C700FA1230 /* Resources */ = {
			isa = PBXResourcesBuildPhase;
			buildActionMask = 2147483647;
			files = (
			);
			runOnlyForDeploymentPostprocessing = 0;
		};
/* End PBXResourcesBuildPhase section */

/* Begin PBXShellScriptBuildPhase section */
		5D783189182890D81113DAEF /* [CP] Check Pods Manifest.lock */ = {
			isa = PBXShellScriptBuildPhase;
			buildActionMask = 2147483647;
			files = (
			);
			inputPaths = (
				"${PODS_PODFILE_DIR_PATH}/Podfile.lock",
				"${PODS_ROOT}/Manifest.lock",
			);
			name = "[CP] Check Pods Manifest.lock";
			outputPaths = (
				"$(DERIVED_FILE_DIR)/Pods-Algorithm-checkManifestLockResult.txt",
			);
			runOnlyForDeploymentPostprocessing = 0;
			shellPath = /bin/sh;
			shellScript = "diff \"${PODS_PODFILE_DIR_PATH}/Podfile.lock\" \"${PODS_ROOT}/Manifest.lock\" > /dev/null\nif [ $? != 0 ] ; then\n    # print error to STDERR\n    echo \"error: The sandbox is not in sync with the Podfile.lock. Run 'pod install' or update your CocoaPods installation.\" >&2\n    exit 1\nfi\n# This output is used by Xcode 'outputs' to avoid re-running this script phase.\necho \"SUCCESS\" > \"${SCRIPT_OUTPUT_FILE_0}\"\n";
			showEnvVarsInLog = 0;
		};
		6E139158AB7CB9B2A201BBFB /* [CP] Check Pods Manifest.lock */ = {
			isa = PBXShellScriptBuildPhase;
			buildActionMask = 2147483647;
			files = (
			);
			inputPaths = (
				"${PODS_PODFILE_DIR_PATH}/Podfile.lock",
				"${PODS_ROOT}/Manifest.lock",
			);
			name = "[CP] Check Pods Manifest.lock";
			outputPaths = (
				"$(DERIVED_FILE_DIR)/Pods-AlgorithmUITests-checkManifestLockResult.txt",
			);
			runOnlyForDeploymentPostprocessing = 0;
			shellPath = /bin/sh;
			shellScript = "diff \"${PODS_PODFILE_DIR_PATH}/Podfile.lock\" \"${PODS_ROOT}/Manifest.lock\" > /dev/null\nif [ $? != 0 ] ; then\n    # print error to STDERR\n    echo \"error: The sandbox is not in sync with the Podfile.lock. Run 'pod install' or update your CocoaPods installation.\" >&2\n    exit 1\nfi\n# This output is used by Xcode 'outputs' to avoid re-running this script phase.\necho \"SUCCESS\" > \"${SCRIPT_OUTPUT_FILE_0}\"\n";
			showEnvVarsInLog = 0;
		};
		B0F541538323C91584E3EC52 /* [CP] Check Pods Manifest.lock */ = {
			isa = PBXShellScriptBuildPhase;
			buildActionMask = 2147483647;
			files = (
			);
			inputPaths = (
				"${PODS_PODFILE_DIR_PATH}/Podfile.lock",
				"${PODS_ROOT}/Manifest.lock",
			);
			name = "[CP] Check Pods Manifest.lock";
			outputPaths = (
				"$(DERIVED_FILE_DIR)/Pods-AlgorithmTests-checkManifestLockResult.txt",
			);
			runOnlyForDeploymentPostprocessing = 0;
			shellPath = /bin/sh;
			shellScript = "diff \"${PODS_PODFILE_DIR_PATH}/Podfile.lock\" \"${PODS_ROOT}/Manifest.lock\" > /dev/null\nif [ $? != 0 ] ; then\n    # print error to STDERR\n    echo \"error: The sandbox is not in sync with the Podfile.lock. Run 'pod install' or update your CocoaPods installation.\" >&2\n    exit 1\nfi\n# This output is used by Xcode 'outputs' to avoid re-running this script phase.\necho \"SUCCESS\" > \"${SCRIPT_OUTPUT_FILE_0}\"\n";
			showEnvVarsInLog = 0;
		};
		BFA1192BAA959664EDAC8FA0 /* [CP] Embed Pods Frameworks */ = {
			isa = PBXShellScriptBuildPhase;
			buildActionMask = 2147483647;
			files = (
			);
			inputPaths = (
				"${SRCROOT}/Pods/Target Support Files/Pods-Algorithm/Pods-Algorithm-frameworks.sh",
				"${BUILT_PRODUCTS_DIR}/BubbleTransition/BubbleTransition.framework",
			);
			name = "[CP] Embed Pods Frameworks";
			outputPaths = (
				"${TARGET_BUILD_DIR}/${FRAMEWORKS_FOLDER_PATH}/BubbleTransition.framework",
			);
			runOnlyForDeploymentPostprocessing = 0;
			shellPath = /bin/sh;
			shellScript = "\"${SRCROOT}/Pods/Target Support Files/Pods-Algorithm/Pods-Algorithm-frameworks.sh\"\n";
			showEnvVarsInLog = 0;
		};
/* End PBXShellScriptBuildPhase section */

/* Begin PBXSourcesBuildPhase section */
		32731E642084D4C600FA1230 /* Sources */ = {
			isa = PBXSourcesBuildPhase;
			buildActionMask = 2147483647;
			files = (
				324ED2DC20956DD90018098B /* CommandMap.swift in Sources */,
				32731EA22084DE1100FA1230 /* MapCreate.swift in Sources */,
				32731E6E2084D4C600FA1230 /* ViewController.swift in Sources */,
				32731E9C2084DD1000FA1230 /* CollectionViewCell.swift in Sources */,
				32731E6C2084D4C600FA1230 /* AppDelegate.swift in Sources */,
				3271EC89208ADBE8005CBC7E /* CustomNavigationBar.swift in Sources */,
			);
			runOnlyForDeploymentPostprocessing = 0;
		};
		32731E782084D4C700FA1230 /* Sources */ = {
			isa = PBXSourcesBuildPhase;
			buildActionMask = 2147483647;
			files = (
				32731E812084D4C700FA1230 /* AlgorithmTests.swift in Sources */,
			);
			runOnlyForDeploymentPostprocessing = 0;
		};
		32731E832084D4C700FA1230 /* Sources */ = {
			isa = PBXSourcesBuildPhase;
			buildActionMask = 2147483647;
			files = (
				32731E8C2084D4C700FA1230 /* AlgorithmUITests.swift in Sources */,
			);
			runOnlyForDeploymentPostprocessing = 0;
		};
/* End PBXSourcesBuildPhase section */

/* Begin PBXTargetDependency section */
		32731E7E2084D4C700FA1230 /* PBXTargetDependency */ = {
			isa = PBXTargetDependency;
			target = 32731E672084D4C600FA1230 /* Algorithm */;
			targetProxy = 32731E7D2084D4C700FA1230 /* PBXContainerItemProxy */;
		};
		32731E892084D4C700FA1230 /* PBXTargetDependency */ = {
			isa = PBXTargetDependency;
			target = 32731E672084D4C600FA1230 /* Algorithm */;
			targetProxy = 32731E882084D4C700FA1230 /* PBXContainerItemProxy */;
		};
/* End PBXTargetDependency section */

/* Begin PBXVariantGroup section */
		32731E6F2084D4C600FA1230 /* Main.storyboard */ = {
			isa = PBXVariantGroup;
			children = (
				32731E702084D4C600FA1230 /* Base */,
			);
			name = Main.storyboard;
			sourceTree = "<group>";
		};
		32731E742084D4C700FA1230 /* LaunchScreen.storyboard */ = {
			isa = PBXVariantGroup;
			children = (
				32731E752084D4C700FA1230 /* Base */,
			);
			name = LaunchScreen.storyboard;
			sourceTree = "<group>";
		};
/* End PBXVariantGroup section */

/* Begin XCBuildConfiguration section */
		32731E8E2084D4C700FA1230 /* Debug */ = {
			isa = XCBuildConfiguration;
			buildSettings = {
				ALWAYS_SEARCH_USER_PATHS = NO;
				CLANG_ANALYZER_NONNULL = YES;
				CLANG_ANALYZER_NUMBER_OBJECT_CONVERSION = YES_AGGRESSIVE;
				CLANG_CXX_LANGUAGE_STANDARD = "gnu++14";
				CLANG_CXX_LIBRARY = "libc++";
				CLANG_ENABLE_MODULES = YES;
				CLANG_ENABLE_OBJC_ARC = YES;
				CLANG_ENABLE_OBJC_WEAK = YES;
				CLANG_WARN_BLOCK_CAPTURE_AUTORELEASING = YES;
				CLANG_WARN_BOOL_CONVERSION = YES;
				CLANG_WARN_COMMA = YES;
				CLANG_WARN_CONSTANT_CONVERSION = YES;
				CLANG_WARN_DEPRECATED_OBJC_IMPLEMENTATIONS = YES;
				CLANG_WARN_DIRECT_OBJC_ISA_USAGE = YES_ERROR;
				CLANG_WARN_DOCUMENTATION_COMMENTS = YES;
				CLANG_WARN_EMPTY_BODY = YES;
				CLANG_WARN_ENUM_CONVERSION = YES;
				CLANG_WARN_INFINITE_RECURSION = YES;
				CLANG_WARN_INT_CONVERSION = YES;
				CLANG_WARN_NON_LITERAL_NULL_CONVERSION = YES;
				CLANG_WARN_OBJC_IMPLICIT_RETAIN_SELF = YES;
				CLANG_WARN_OBJC_LITERAL_CONVERSION = YES;
				CLANG_WARN_OBJC_ROOT_CLASS = YES_ERROR;
				CLANG_WARN_RANGE_LOOP_ANALYSIS = YES;
				CLANG_WARN_STRICT_PROTOTYPES = YES;
				CLANG_WARN_SUSPICIOUS_MOVE = YES;
				CLANG_WARN_UNGUARDED_AVAILABILITY = YES_AGGRESSIVE;
				CLANG_WARN_UNREACHABLE_CODE = YES;
				CLANG_WARN__DUPLICATE_METHOD_MATCH = YES;
				CODE_SIGN_IDENTITY = "iPhone Developer";
				COPY_PHASE_STRIP = NO;
				DEBUG_INFORMATION_FORMAT = dwarf;
				ENABLE_STRICT_OBJC_MSGSEND = YES;
				ENABLE_TESTABILITY = YES;
				GCC_C_LANGUAGE_STANDARD = gnu11;
				GCC_DYNAMIC_NO_PIC = NO;
				GCC_NO_COMMON_BLOCKS = YES;
				GCC_OPTIMIZATION_LEVEL = 0;
				GCC_PREPROCESSOR_DEFINITIONS = (
					"DEBUG=1",
					"$(inherited)",
				);
				GCC_WARN_64_TO_32_BIT_CONVERSION = YES;
				GCC_WARN_ABOUT_RETURN_TYPE = YES_ERROR;
				GCC_WARN_UNDECLARED_SELECTOR = YES;
				GCC_WARN_UNINITIALIZED_AUTOS = YES_AGGRESSIVE;
				GCC_WARN_UNUSED_FUNCTION = YES;
				GCC_WARN_UNUSED_VARIABLE = YES;
				IPHONEOS_DEPLOYMENT_TARGET = 11.3;
				MTL_ENABLE_DEBUG_INFO = YES;
				ONLY_ACTIVE_ARCH = YES;
				SDKROOT = iphoneos;
				SWIFT_ACTIVE_COMPILATION_CONDITIONS = DEBUG;
				SWIFT_OPTIMIZATION_LEVEL = "-Onone";
			};
			name = Debug;
		};
		32731E8F2084D4C700FA1230 /* Release */ = {
			isa = XCBuildConfiguration;
			buildSettings = {
				ALWAYS_SEARCH_USER_PATHS = NO;
				CLANG_ANALYZER_NONNULL = YES;
				CLANG_ANALYZER_NUMBER_OBJECT_CONVERSION = YES_AGGRESSIVE;
				CLANG_CXX_LANGUAGE_STANDARD = "gnu++14";
				CLANG_CXX_LIBRARY = "libc++";
				CLANG_ENABLE_MODULES = YES;
				CLANG_ENABLE_OBJC_ARC = YES;
				CLANG_ENABLE_OBJC_WEAK = YES;
				CLANG_WARN_BLOCK_CAPTURE_AUTORELEASING = YES;
				CLANG_WARN_BOOL_CONVERSION = YES;
				CLANG_WARN_COMMA = YES;
				CLANG_WARN_CONSTANT_CONVERSION = YES;
				CLANG_WARN_DEPRECATED_OBJC_IMPLEMENTATIONS = YES;
				CLANG_WARN_DIRECT_OBJC_ISA_USAGE = YES_ERROR;
				CLANG_WARN_DOCUMENTATION_COMMENTS = YES;
				CLANG_WARN_EMPTY_BODY = YES;
				CLANG_WARN_ENUM_CONVERSION = YES;
				CLANG_WARN_INFINITE_RECURSION = YES;
				CLANG_WARN_INT_CONVERSION = YES;
				CLANG_WARN_NON_LITERAL_NULL_CONVERSION = YES;
				CLANG_WARN_OBJC_IMPLICIT_RETAIN_SELF = YES;
				CLANG_WARN_OBJC_LITERAL_CONVERSION = YES;
				CLANG_WARN_OBJC_ROOT_CLASS = YES_ERROR;
				CLANG_WARN_RANGE_LOOP_ANALYSIS = YES;
				CLANG_WARN_STRICT_PROTOTYPES = YES;
				CLANG_WARN_SUSPICIOUS_MOVE = YES;
				CLANG_WARN_UNGUARDED_AVAILABILITY = YES_AGGRESSIVE;
				CLANG_WARN_UNREACHABLE_CODE = YES;
				CLANG_WARN__DUPLICATE_METHOD_MATCH = YES;
				CODE_SIGN_IDENTITY = "iPhone Developer";
				COPY_PHASE_STRIP = NO;
				DEBUG_INFORMATION_FORMAT = "dwarf-with-dsym";
				ENABLE_NS_ASSERTIONS = NO;
				ENABLE_STRICT_OBJC_MSGSEND = YES;
				GCC_C_LANGUAGE_STANDARD = gnu11;
				GCC_NO_COMMON_BLOCKS = YES;
				GCC_WARN_64_TO_32_BIT_CONVERSION = YES;
				GCC_WARN_ABOUT_RETURN_TYPE = YES_ERROR;
				GCC_WARN_UNDECLARED_SELECTOR = YES;
				GCC_WARN_UNINITIALIZED_AUTOS = YES_AGGRESSIVE;
				GCC_WARN_UNUSED_FUNCTION = YES;
				GCC_WARN_UNUSED_VARIABLE = YES;
				IPHONEOS_DEPLOYMENT_TARGET = 11.3;
				MTL_ENABLE_DEBUG_INFO = NO;
				SDKROOT = iphoneos;
				SWIFT_COMPILATION_MODE = wholemodule;
				SWIFT_OPTIMIZATION_LEVEL = "-O";
				VALIDATE_PRODUCT = YES;
			};
			name = Release;
		};
		32731E912084D4C700FA1230 /* Debug */ = {
			isa = XCBuildConfiguration;
			baseConfigurationReference = 8CDBBF986422CF006632E060 /* Pods-Algorithm.debug.xcconfig */;
			buildSettings = {
				ASSETCATALOG_COMPILER_APPICON_NAME = AppIcon;
				CODE_SIGN_STYLE = Automatic;
				INFOPLIST_FILE = Algorithm/Info.plist;
				LD_RUNPATH_SEARCH_PATHS = (
					"$(inherited)",
					"@executable_path/Frameworks",
				);
				PRODUCT_BUNDLE_IDENTIFIER = com.nomiyamax.Algorithm;
				PRODUCT_NAME = "$(TARGET_NAME)";
				SWIFT_VERSION = 4.0;
				TARGETED_DEVICE_FAMILY = "1,2";
			};
			name = Debug;
		};
		32731E922084D4C700FA1230 /* Release */ = {
			isa = XCBuildConfiguration;
			baseConfigurationReference = 49CE779BF1210382A3DF9520 /* Pods-Algorithm.release.xcconfig */;
			buildSettings = {
				ASSETCATALOG_COMPILER_APPICON_NAME = AppIcon;
				CODE_SIGN_STYLE = Automatic;
				INFOPLIST_FILE = Algorithm/Info.plist;
				LD_RUNPATH_SEARCH_PATHS = (
					"$(inherited)",
					"@executable_path/Frameworks",
				);
				PRODUCT_BUNDLE_IDENTIFIER = com.nomiyamax.Algorithm;
				PRODUCT_NAME = "$(TARGET_NAME)";
				SWIFT_VERSION = 4.0;
				TARGETED_DEVICE_FAMILY = "1,2";
			};
			name = Release;
		};
		32731E942084D4C700FA1230 /* Debug */ = {
			isa = XCBuildConfiguration;
			baseConfigurationReference = 56988BB93F2189E8A77D9A1A /* Pods-AlgorithmTests.debug.xcconfig */;
			buildSettings = {
				ALWAYS_EMBED_SWIFT_STANDARD_LIBRARIES = YES;
				BUNDLE_LOADER = "$(TEST_HOST)";
				CODE_SIGN_STYLE = Automatic;
				INFOPLIST_FILE = AlgorithmTests/Info.plist;
				LD_RUNPATH_SEARCH_PATHS = (
					"$(inherited)",
					"@executable_path/Frameworks",
					"@loader_path/Frameworks",
				);
				PRODUCT_BUNDLE_IDENTIFIER = com.nomiyamax.AlgorithmTests;
				PRODUCT_NAME = "$(TARGET_NAME)";
				SWIFT_VERSION = 4.0;
				TARGETED_DEVICE_FAMILY = "1,2";
				TEST_HOST = "$(BUILT_PRODUCTS_DIR)/Algorithm.app/Algorithm";
			};
			name = Debug;
		};
		32731E952084D4C700FA1230 /* Release */ = {
			isa = XCBuildConfiguration;
			baseConfigurationReference = 2F739AE781EFBD442B698F04 /* Pods-AlgorithmTests.release.xcconfig */;
			buildSettings = {
				ALWAYS_EMBED_SWIFT_STANDARD_LIBRARIES = YES;
				BUNDLE_LOADER = "$(TEST_HOST)";
				CODE_SIGN_STYLE = Automatic;
				INFOPLIST_FILE = AlgorithmTests/Info.plist;
				LD_RUNPATH_SEARCH_PATHS = (
					"$(inherited)",
					"@executable_path/Frameworks",
					"@loader_path/Frameworks",
				);
				PRODUCT_BUNDLE_IDENTIFIER = com.nomiyamax.AlgorithmTests;
				PRODUCT_NAME = "$(TARGET_NAME)";
				SWIFT_VERSION = 4.0;
				TARGETED_DEVICE_FAMILY = "1,2";
				TEST_HOST = "$(BUILT_PRODUCTS_DIR)/Algorithm.app/Algorithm";
			};
			name = Release;
		};
		32731E972084D4C700FA1230 /* Debug */ = {
			isa = XCBuildConfiguration;
			baseConfigurationReference = 1967B4AFE56DEBCAA068D977 /* Pods-AlgorithmUITests.debug.xcconfig */;
			buildSettings = {
				ALWAYS_EMBED_SWIFT_STANDARD_LIBRARIES = YES;
				CODE_SIGN_STYLE = Automatic;
				INFOPLIST_FILE = AlgorithmUITests/Info.plist;
				LD_RUNPATH_SEARCH_PATHS = (
					"$(inherited)",
					"@executable_path/Frameworks",
					"@loader_path/Frameworks",
				);
				PRODUCT_BUNDLE_IDENTIFIER = com.nomiyamax.AlgorithmUITests;
				PRODUCT_NAME = "$(TARGET_NAME)";
				SWIFT_VERSION = 4.0;
				TARGETED_DEVICE_FAMILY = "1,2";
				TEST_TARGET_NAME = Algorithm;
			};
			name = Debug;
		};
		32731E982084D4C700FA1230 /* Release */ = {
			isa = XCBuildConfiguration;
			baseConfigurationReference = 5ED2F09876B29178C4473AC3 /* Pods-AlgorithmUITests.release.xcconfig */;
			buildSettings = {
				ALWAYS_EMBED_SWIFT_STANDARD_LIBRARIES = YES;
				CODE_SIGN_STYLE = Automatic;
				INFOPLIST_FILE = AlgorithmUITests/Info.plist;
				LD_RUNPATH_SEARCH_PATHS = (
					"$(inherited)",
					"@executable_path/Frameworks",
					"@loader_path/Frameworks",
				);
				PRODUCT_BUNDLE_IDENTIFIER = com.nomiyamax.AlgorithmUITests;
				PRODUCT_NAME = "$(TARGET_NAME)";
				SWIFT_VERSION = 4.0;
				TARGETED_DEVICE_FAMILY = "1,2";
				TEST_TARGET_NAME = Algorithm;
			};
			name = Release;
		};
/* End XCBuildConfiguration section */

/* Begin XCConfigurationList section */
		32731E632084D4C600FA1230 /* Build configuration list for PBXProject "Algorithm" */ = {
			isa = XCConfigurationList;
			buildConfigurations = (
				32731E8E2084D4C700FA1230 /* Debug */,
				32731E8F2084D4C700FA1230 /* Release */,
			);
			defaultConfigurationIsVisible = 0;
			defaultConfigurationName = Release;
		};
		32731E902084D4C700FA1230 /* Build configuration list for PBXNativeTarget "Algorithm" */ = {
			isa = XCConfigurationList;
			buildConfigurations = (
				32731E912084D4C700FA1230 /* Debug */,
				32731E922084D4C700FA1230 /* Release */,
			);
			defaultConfigurationIsVisible = 0;
			defaultConfigurationName = Release;
		};
		32731E932084D4C700FA1230 /* Build configuration list for PBXNativeTarget "AlgorithmTests" */ = {
			isa = XCConfigurationList;
			buildConfigurations = (
				32731E942084D4C700FA1230 /* Debug */,
				32731E952084D4C700FA1230 /* Release */,
			);
			defaultConfigurationIsVisible = 0;
			defaultConfigurationName = Release;
		};
		32731E962084D4C700FA1230 /* Build configuration list for PBXNativeTarget "AlgorithmUITests" */ = {
			isa = XCConfigurationList;
			buildConfigurations = (
				32731E972084D4C700FA1230 /* Debug */,
				32731E982084D4C700FA1230 /* Release */,
			);
			defaultConfigurationIsVisible = 0;
			defaultConfigurationName = Release;
		};
/* End XCConfigurationList section */
	};
	rootObject = 32731E602084D4C600FA1230 /* Project object */;
}
